{
  "version": 1,
  "dependencies": {
    ".NETFramework,Version=v4.8": {
      "BepInEx.Core": {
        "type": "Direct",
        "requested": "[5.4.21, 5.4.21]",
        "resolved": "5.4.21",
        "contentHash": "NMUPlbHTTfJ+qIQCI90uIvjuUQ4wnwt4cpRsK3ItBh1DhsWFzAHXNiZjBxZkPysljEKQ2iu89sxMTga4bxBXVQ==",
        "dependencies": {
          "BepInEx.BaseLib": "5.4.20",
          "HarmonyX": "2.7.0"
        }
      },
      "Digitalroot.Valheim.Build.Targets": {
        "type": "Direct",
        "requested": "[1.0.21, )",
        "resolved": "1.0.21",
        "contentHash": "8mErk3UFjy80d9IlTjXNsofT7YfKLz897YE10ieB/SHNbBorzwVCPYRGsmuaNH8HyqjKQH3KnK4gDwDMBEC+DQ=="
      },
      "Digitalroot.Valheim.Common.AssemblyInfo": {
        "type": "Direct",
        "requested": "[1.0.17, )",
        "resolved": "1.0.17",
        "contentHash": "EMa138YM/LPqUEnJixjQlL8pBo+UvZULBrpFmq/8Lu7TggcJgwhLQ3n5534sh/vV7D5w4LZu1iJRrScMrRidlg=="
      },
      "Digitalroot.Valheim.Common.Log": {
        "type": "Direct",
        "requested": "[1.1.57, )",
        "resolved": "1.1.57",
        "contentHash": "7JMSyvLgsNjQqtYQTwyq/hIPlzhM9si5ANpZ0PkINWgEO8Nl1tiGn7+lgoT4zUUCwJD1hGP7yxAc7qutNVOF1Q==",
        "dependencies": {
          "Digitalroot.Valheim.Common.Json": "1.0.45"
        }
      },
      "Digitalroot.Valheim.Common.Names": {
        "type": "Direct",
        "requested": "[1.4.44, )",
        "resolved": "1.4.44",
        "contentHash": "X0oIO1ERR/nGnbUbJ4LalteQ8qSOyZoeRZxf7MT9N2XoMejYEvXuz/hTne7sTxpjbuD8czPB17ON7O+mb4mEkg==",
        "dependencies": {
          "Digitalroot.Valheim.Common.Utils": "1.0.69"
        }
      },
      "Digitalroot.Valheim.Common.References": {
        "type": "Direct",
        "requested": "[0.221.12, )",
        "resolved": "0.221.12",
        "contentHash": "6aILrn5hdU3y0x678wnLGTjoHPD5ozNVCihXPO/rnWzU5t0K2mfYYx7pMsB2RVyzK4FsQ5xgieieswKwbcLWsw=="
      },
      "Digitalroot.Valheim.Common.Utils": {
        "type": "Direct",
        "requested": "[1.0.69, )",
        "resolved": "1.0.69",
        "contentHash": "HXInjQUtcwduLDCG31w+JE7qjlavzaBpToU1QrMrngcVQGL8/ekDSKVANfNmns1LIzmsjN7OnXBRIgZBr+LI6A==",
        "dependencies": {
          "Digitalroot.Valheim.Common.Log": "1.1.57"
        }
      },
      "Digitalroot.Valheim.References.JvL": {
        "type": "Direct",
        "requested": "[2.29.2, )",
        "resolved": "2.29.2",
        "contentHash": "qPTn0sXpTHBeBj2ABX6OzSenksy1PmxF2xcu4Af/S1pgr8JqLYgpiDmXPLNFQVdBpRo88DzsXKvCf13FrG8SWQ=="
      },
      "ErrorProne.NET.CoreAnalyzers": {
        "type": "Direct",
        "requested": "[0.1.2, )",
        "resolved": "0.1.2",
        "contentHash": "RQdzUtFVhwLwisP2Du7Ugm7ldwAzc+QJrlZWNIwHXcgq4b5fLwZgdN1203RdYiHS8OOALophC6yWekxu3UgN2g=="
      },
      "Fody": {
        "type": "Direct",
        "requested": "[6.6.0, 6.6.0]",
        "resolved": "6.6.0",
        "contentHash": "NWWM8KiR9DGiAi47q9px9oI27xYBiM5KXxSnI4R5mz2/rG8LIcXJfw5zDLLH1xOgzqRNJgc8KTPQPoiQCidYUw=="
      },
      "ILMerge.Fody": {
        "type": "Direct",
        "requested": "[1.22.0, 1.22.0]",
        "resolved": "1.22.0",
        "contentHash": "VCWQM8q7wZwHMgksBsFfbImRUmlgn7E6EKkrnUV86/keqBvMTjhlA7mBYtz6Dace8XsJYufYJvRP25uur5W5WA==",
        "dependencies": {
          "Fody": "6.3.0"
        }
      },
      "BepInEx.BaseLib": {
        "type": "Transitive",
        "resolved": "5.4.20",
        "contentHash": "0bXgYxbCEN2Ixp3kiFEhyw+RASeFQeg/ww+lbMt7if6XMeVS60eg6epNsMA8Jbx57dmNOzNevkKKw8mP8SUMqw=="
      },
      "Digitalroot.References.Unity": {
        "type": "Transitive",
        "resolved": "6000.0.61",
        "contentHash": "7Q/wooeEhAG/UuIJLXNTTJvLtCHZQIGqOrKGAVSqjJ/ReF0YH3/JhDOAUvZsYNSbJ8ie15maJNZrQK5NUgFzAw=="
      },
      "Digitalroot.Valheim.Common.Json": {
        "type": "Transitive",
        "resolved": "1.0.45",
        "contentHash": "7996hewexUXYmkia8KpUKuk1xSpE+dw3v7okYR21KV6Josuww4LSvctBSaXG/VfnlJjn6vPiwMSP6OAaPNg4BQ==",
        "dependencies": {
          "Digitalroot.References.Unity": "6000.0.61",
          "LibZ.Tool": "1.2.0"
        }
      },
      "HarmonyX": {
        "type": "Transitive",
        "resolved": "2.7.0",
        "contentHash": "lec/SkduQspMa3Pi/nM/NSvA84Za8HCCWA8ybdToKiTqnBZa+JC5g6rxoFQCg/1vNuYcvjy77edePZzIEsRmvw==",
        "dependencies": {
          "MonoMod.RuntimeDetour": "21.12.13.1"
        }
      },
      "LibZ.Tool": {
        "type": "Transitive",
        "resolved": "1.2.0",
        "contentHash": "jcZROJ28bmrZx/RaFHcTlSy3x4SmSsMolJiKoluFFrE7oMiXUnYx1K+SJeHJhow05W0Rg9oi9HEyZWwdYSV3cw=="
      },
      "Mono.Cecil": {
        "type": "Transitive",
        "resolved": "0.11.4",
        "contentHash": "IC1h5g0NeJGHIUgzM1P82ld57knhP0IcQfrYITDPXlNpMYGUrsG5TxuaWTjaeqDNQMBDNZkB8L0rBnwsY6JHuQ=="
      },
      "MonoMod.RuntimeDetour": {
        "type": "Transitive",
        "resolved": "21.12.13.1",
        "contentHash": "65mB+bHjT6UCGCgO+/pYhpuGPf96rQ1Whwkut/x7cqVIW0DTndDFyWc/3bngzhnY/Y6IYtBMlXsU2ATq+CxpHg==",
        "dependencies": {
          "Mono.Cecil": "0.11.4",
          "MonoMod.Utils": "21.12.13.1"
        }
      },
      "MonoMod.Utils": {
        "type": "Transitive",
        "resolved": "21.12.13.1",
        "contentHash": "/H+0RMWqx/D1/fSuY5jhY6GFvqhdYdlnI7J3IfL8P6y4nJkoZDxqts6+RxWWOz4pbnJdWnxSjS8XG+Lq6rUi7w==",
        "dependencies": {
          "Mono.Cecil": "0.11.4"
        }
      }
    }
  }
}